
Microsoft Visual Studio Solution File, Format Version 12.00
# Visual Studio Version 16
VisualStudioVersion = 16.0.30517.126
MinimumVisualStudioVersion = 10.0.40219.1
Project("{FAE04EC0-301F-11D3-BF4B-00C04F79EFBC}") = "LAB1", "LAB1.csproj", "{B91212D2-FD69-4E8E-93B3-57E5480119B2}"
EndProject
Global
	GlobalSection(SolutionConfigurationPlatforms) = preSolution
		Debug|Any CPU = Debug|Any CPU
		Release|Any CPU = Release|Any CPU
	EndGlobalSection
	GlobalSection(ProjectConfigurationPlatforms) = postSolution
		{B91212D2-FD69-4E8E-93B3-57E5480119B2}.Debug|Any CPU.ActiveCfg = Debug|Any CPU
		{B91212D2-FD69-4E8E-93B3-57E5480119B2}.Debug|Any CPU.Build.0 = Debug|Any CPU
		{B91212D2-FD69-4E8E-93B3-57E5480119B2}.Release|Any CPU.ActiveCfg = Release|Any CPU
		{B91212D2-FD69-4E8E-93B3-57E5480119B2}.Release|Any CPU.Build.0 = Release|Any CPU
	EndGlobalSection
	GlobalSection(SolutionProperties) = preSolution
		HideSolutionNode = FALSE
	EndGlobalSection
	GlobalSection(ExtensibilityGlobals) = postSolution
		SolutionGuid = {F9F1B0EE-FF07-42BB-955E-B2E5E0E4B141}
	EndGlobalSection
EndGlobal
